
Microsoft Visual Studio Solution File, Format Version 12.00
# Visual Studio Version 16
VisualStudioVersion = 16.0.30002.166
MinimumVisualStudioVersion = 10.0.40219.1
Project("{FAE04EC0-301F-11D3-BF4B-00C04F79EFBC}") = "nugetserver", "nugetserver.csproj", "{FF2E4D48-D04A-4AFB-AE48-746BE4551C03}"
EndProject
Global
	GlobalSection(SolutionConfigurationPlatforms) = preSolution
		Debug|Any CPU = Debug|Any CPU
		Release|Any CPU = Release|Any CPU
	EndGlobalSection
	GlobalSection(ProjectConfigurationPlatforms) = postSolution
		{FF2E4D48-D04A-4AFB-AE48-746BE4551C03}.Debug|Any CPU.ActiveCfg = Debug|Any CPU
		{FF2E4D48-D04A-4AFB-AE48-746BE4551C03}.Debug|Any CPU.Build.0 = Debug|Any CPU
		{FF2E4D48-D04A-4AFB-AE48-746BE4551C03}.Release|Any CPU.ActiveCfg = Release|Any CPU
		{FF2E4D48-D04A-4AFB-AE48-746BE4551C03}.Release|Any CPU.Build.0 = Release|Any CPU
	EndGlobalSection
	GlobalSection(SolutionProperties) = preSolution
		HideSolutionNode = FALSE
	EndGlobalSection
	GlobalSection(ExtensibilityGlobals) = postSolution
		SolutionGuid = {75B3F29F-7AEC-44EB-8184-8CB3737E72C2}
	EndGlobalSection
EndGlobal
